
Microsoft Visual Studio Solution File, Format Version 12.00
# Visual Studio Version 17
VisualStudioVersion = 17.9.34728.123
MinimumVisualStudioVersion = 10.0.40219.1
Project("{FAE04EC0-301F-11D3-BF4B-00C04F79EFBC}") = "ShieldInfo", "ShieldInfo\ShieldInfo.csproj", "{92D30F94-D8D3-412E-9BEE-3227EB1B1FBE}"
EndProject
Project("{FAE04EC0-301F-11D3-BF4B-00C04F79EFBC}") = "NoEitr", "NoEtir\NoEitr.csproj", "{6CA79053-144A-4F9E-B038-B209AED26332}"
EndProject
Project("{FAE04EC0-301F-11D3-BF4B-00C04F79EFBC}") = "RemoveLava", "RemoveLava\RemoveLava.csproj", "{459621DC-9CA7-4B62-8469-1BB8C0965231}"
EndProject
Project("{FAE04EC0-301F-11D3-BF4B-00C04F79EFBC}") = "HeatBar", "HeatBar\HeatBar.csproj", "{0F22097D-9764-4668-9313-F2944B784F39}"
EndProject
Project("{FAE04EC0-301F-11D3-BF4B-00C04F79EFBC}") = "ColorBubble", "ColorBubble\ColorBubble.csproj", "{CC3703B3-081F-495A-8C37-88808386FD15}"
EndProject
Project("{FAE04EC0-301F-11D3-BF4B-00C04F79EFBC}") = "SplitStack", "SplitStack\SplitStack.csproj", "{524431B9-63C4-470D-BB36-B81CF7406464}"
EndProject
Project("{FAE04EC0-301F-11D3-BF4B-00C04F79EFBC}") = "TestMod", "TestMod\TestMod.csproj", "{47429B01-2343-4A53-881B-66C6AE96C73A}"
EndProject
Project("{FAE04EC0-301F-11D3-BF4B-00C04F79EFBC}") = "AutoPin", "AutoPin\AutoPin.csproj", "{30F56239-4C33-45E6-9E71-86F71E306EB0}"
EndProject
Project("{FAE04EC0-301F-11D3-BF4B-00C04F79EFBC}") = "BlankMod", "BlankMod\BlankMod.csproj", "{7A8564CA-F44F-49A4-80A4-8FAA83BF6CB9}"
EndProject
Global
	GlobalSection(SolutionConfigurationPlatforms) = preSolution
		Debug|Any CPU = Debug|Any CPU
		Release|Any CPU = Release|Any CPU
	EndGlobalSection
	GlobalSection(ProjectConfigurationPlatforms) = postSolution
		{92D30F94-D8D3-412E-9BEE-3227EB1B1FBE}.Debug|Any CPU.ActiveCfg = Debug|Any CPU
		{92D30F94-D8D3-412E-9BEE-3227EB1B1FBE}.Debug|Any CPU.Build.0 = Debug|Any CPU
		{92D30F94-D8D3-412E-9BEE-3227EB1B1FBE}.Release|Any CPU.ActiveCfg = Release|Any CPU
		{92D30F94-D8D3-412E-9BEE-3227EB1B1FBE}.Release|Any CPU.Build.0 = Release|Any CPU
		{6CA79053-144A-4F9E-B038-B209AED26332}.Debug|Any CPU.ActiveCfg = Debug|Any CPU
		{6CA79053-144A-4F9E-B038-B209AED26332}.Debug|Any CPU.Build.0 = Debug|Any CPU
		{6CA79053-144A-4F9E-B038-B209AED26332}.Release|Any CPU.ActiveCfg = Release|Any CPU
		{6CA79053-144A-4F9E-B038-B209AED26332}.Release|Any CPU.Build.0 = Release|Any CPU
		{459621DC-9CA7-4B62-8469-1BB8C0965231}.Debug|Any CPU.ActiveCfg = Debug|Any CPU
		{459621DC-9CA7-4B62-8469-1BB8C0965231}.Debug|Any CPU.Build.0 = Debug|Any CPU
		{459621DC-9CA7-4B62-8469-1BB8C0965231}.Release|Any CPU.ActiveCfg = Release|Any CPU
		{459621DC-9CA7-4B62-8469-1BB8C0965231}.Release|Any CPU.Build.0 = Release|Any CPU
		{0F22097D-9764-4668-9313-F2944B784F39}.Debug|Any CPU.ActiveCfg = Debug|Any CPU
		{0F22097D-9764-4668-9313-F2944B784F39}.Debug|Any CPU.Build.0 = Debug|Any CPU
		{0F22097D-9764-4668-9313-F2944B784F39}.Release|Any CPU.ActiveCfg = Release|Any CPU
		{0F22097D-9764-4668-9313-F2944B784F39}.Release|Any CPU.Build.0 = Release|Any CPU
		{CC3703B3-081F-495A-8C37-88808386FD15}.Debug|Any CPU.ActiveCfg = Debug|Any CPU
		{CC3703B3-081F-495A-8C37-88808386FD15}.Debug|Any CPU.Build.0 = Debug|Any CPU
		{CC3703B3-081F-495A-8C37-88808386FD15}.Release|Any CPU.ActiveCfg = Release|Any CPU
		{CC3703B3-081F-495A-8C37-88808386FD15}.Release|Any CPU.Build.0 = Release|Any CPU
		{524431B9-63C4-470D-BB36-B81CF7406464}.Debug|Any CPU.ActiveCfg = Debug|Any CPU
		{524431B9-63C4-470D-BB36-B81CF7406464}.Debug|Any CPU.Build.0 = Debug|Any CPU
		{524431B9-63C4-470D-BB36-B81CF7406464}.Release|Any CPU.ActiveCfg = Release|Any CPU
		{524431B9-63C4-470D-BB36-B81CF7406464}.Release|Any CPU.Build.0 = Release|Any CPU
		{47429B01-2343-4A53-881B-66C6AE96C73A}.Debug|Any CPU.ActiveCfg = Debug|Any CPU
		{47429B01-2343-4A53-881B-66C6AE96C73A}.Debug|Any CPU.Build.0 = Debug|Any CPU
		{47429B01-2343-4A53-881B-66C6AE96C73A}.Release|Any CPU.ActiveCfg = Release|Any CPU
		{47429B01-2343-4A53-881B-66C6AE96C73A}.Release|Any CPU.Build.0 = Release|Any CPU
		{30F56239-4C33-45E6-9E71-86F71E306EB0}.Debug|Any CPU.ActiveCfg = Debug|Any CPU
		{30F56239-4C33-45E6-9E71-86F71E306EB0}.Debug|Any CPU.Build.0 = Debug|Any CPU
		{30F56239-4C33-45E6-9E71-86F71E306EB0}.Release|Any CPU.ActiveCfg = Release|Any CPU
		{30F56239-4C33-45E6-9E71-86F71E306EB0}.Release|Any CPU.Build.0 = Release|Any CPU
		{7A8564CA-F44F-49A4-80A4-8FAA83BF6CB9}.Debug|Any CPU.ActiveCfg = Debug|Any CPU
		{7A8564CA-F44F-49A4-80A4-8FAA83BF6CB9}.Debug|Any CPU.Build.0 = Debug|Any CPU
		{7A8564CA-F44F-49A4-80A4-8FAA83BF6CB9}.Release|Any CPU.ActiveCfg = Release|Any CPU
		{7A8564CA-F44F-49A4-80A4-8FAA83BF6CB9}.Release|Any CPU.Build.0 = Release|Any CPU
	EndGlobalSection
	GlobalSection(SolutionProperties) = preSolution
		HideSolutionNode = FALSE
	EndGlobalSection
	GlobalSection(ExtensibilityGlobals) = postSolution
		SolutionGuid = {17BE628F-58D5-4402-8852-19AC2AFF3574}
	EndGlobalSection
EndGlobal
